
Microsoft Visual Studio Solution File, Format Version 12.00
# Visual Studio Version 17
VisualStudioVersion = 17.0.32002.185
MinimumVisualStudioVersion = 10.0.40219.1
Project("{FAE04EC0-301F-11D3-BF4B-00C04F79EFBC}") = "EDS_calculator", "EDS_calculator\EDS_calculator.csproj", "{859163A4-2D00-41B4-AD33-770BE8168B4A}"
EndProject
Global
	GlobalSection(SolutionConfigurationPlatforms) = preSolution
		Debug|Any CPU = Debug|Any CPU
		Release|Any CPU = Release|Any CPU
	EndGlobalSection
	GlobalSection(ProjectConfigurationPlatforms) = postSolution
		{859163A4-2D00-41B4-AD33-770BE8168B4A}.Debug|Any CPU.ActiveCfg = Debug|Any CPU
		{859163A4-2D00-41B4-AD33-770BE8168B4A}.Debug|Any CPU.Build.0 = Debug|Any CPU
		{859163A4-2D00-41B4-AD33-770BE8168B4A}.Release|Any CPU.ActiveCfg = Release|Any CPU
		{859163A4-2D00-41B4-AD33-770BE8168B4A}.Release|Any CPU.Build.0 = Release|Any CPU
	EndGlobalSection
	GlobalSection(SolutionProperties) = preSolution
		HideSolutionNode = FALSE
	EndGlobalSection
	GlobalSection(ExtensibilityGlobals) = postSolution
		SolutionGuid = {8281D7F2-38DD-437F-A5B6-99F3042E3A26}
	EndGlobalSection
EndGlobal
